// !$*UTF8*$!
{
	archiveVersion = 1;
	classes = {
	};
	objectVersion = 46;
	objects = {

/* Begin PBXBuildFile section */
		642E61341EC1D06200F91556 /* AppDelegate.swift in Sources */ = {isa = PBXBuildFile; fileRef = 642E61331EC1D06200F91556 /* AppDelegate.swift */; };
		642E61361EC1D06200F91556 /* HomeViewController.swift in Sources */ = {isa = PBXBuildFile; fileRef = 642E61351EC1D06200F91556 /* HomeViewController.swift */; };
		642E61381EC1D06200F91556 /* SettingsViewController.swift in Sources */ = {isa = PBXBuildFile; fileRef = 642E61371EC1D06200F91556 /* SettingsViewController.swift */; };
		642E613B1EC1D06200F91556 /* Main.storyboard in Resources */ = {isa = PBXBuildFile; fileRef = 642E61391EC1D06200F91556 /* Main.storyboard */; };
		642E613D1EC1D06200F91556 /* Assets.xcassets in Resources */ = {isa = PBXBuildFile; fileRef = 642E613C1EC1D06200F91556 /* Assets.xcassets */; };
		642E614B1EC1D06200F91556 /* DiabetesTests.swift in Sources */ = {isa = PBXBuildFile; fileRef = 642E614A1EC1D06200F91556 /* DiabetesTests.swift */; };
		642E61561EC1D06300F91556 /* DiabetesUITests.swift in Sources */ = {isa = PBXBuildFile; fileRef = 642E61551EC1D06300F91556 /* DiabetesUITests.swift */; };
		64C36D1D1ED075660003780E /* SportViewCell.swift in Sources */ = {isa = PBXBuildFile; fileRef = 64C36D1C1ED075660003780E /* SportViewCell.swift */; };
		64C36D1F1ED078E30003780E /* Sport.swift in Sources */ = {isa = PBXBuildFile; fileRef = 64C36D1E1ED078E30003780E /* Sport.swift */; };
		64C36D211ED079050003780E /* ChosenSport.swift in Sources */ = {isa = PBXBuildFile; fileRef = 64C36D201ED079050003780E /* ChosenSport.swift */; };
		64C36D231ED0ACC70003780E /* ExerciseLengthViewController.swift in Sources */ = {isa = PBXBuildFile; fileRef = 64C36D221ED0ACC70003780E /* ExerciseLengthViewController.swift */; };
		64C36D251ED0ACDB0003780E /* ExerciseIntensityViewController.swift in Sources */ = {isa = PBXBuildFile; fileRef = 64C36D241ED0ACDB0003780E /* ExerciseIntensityViewController.swift */; };
		64C36D271ED0ACEB0003780E /* ExerciseDetailsViewController.swift in Sources */ = {isa = PBXBuildFile; fileRef = 64C36D261ED0ACEB0003780E /* ExerciseDetailsViewController.swift */; };
		64C708F51ECDDFDF00D90FE4 /* SportsSelectionViewController.swift in Sources */ = {isa = PBXBuildFile; fileRef = 64C708F41ECDDFDF00D90FE4 /* SportsSelectionViewController.swift */; };
		64EC04A21EC4A5170071E81B /* AddViewController.swift in Sources */ = {isa = PBXBuildFile; fileRef = 64EC04A11EC4A5170071E81B /* AddViewController.swift */; };
		64EC04A41EC4A52D0071E81B /* InfoViewController.swift in Sources */ = {isa = PBXBuildFile; fileRef = 64EC04A31EC4A52D0071E81B /* InfoViewController.swift */; };
		64EC04AA1EC4AE430071E81B /* SplashViewController.swift in Sources */ = {isa = PBXBuildFile; fileRef = 64EC04A91EC4AE430071E81B /* SplashViewController.swift */; };
/* End PBXBuildFile section */

/* Begin PBXContainerItemProxy section */
		642E61471EC1D06200F91556 /* PBXContainerItemProxy */ = {
			isa = PBXContainerItemProxy;
			containerPortal = 642E61281EC1D06200F91556 /* Project object */;
			proxyType = 1;
			remoteGlobalIDString = 642E612F1EC1D06200F91556;
			remoteInfo = Diabetes;
		};
		642E61521EC1D06200F91556 /* PBXContainerItemProxy */ = {
			isa = PBXContainerItemProxy;
			containerPortal = 642E61281EC1D06200F91556 /* Project object */;
			proxyType = 1;
			remoteGlobalIDString = 642E612F1EC1D06200F91556;
			remoteInfo = Diabetes;
		};
/* End PBXContainerItemProxy section */

/* Begin PBXFileReference section */
		642E61301EC1D06200F91556 /* Diabetes.app */ = {isa = PBXFileReference; explicitFileType = wrapper.application; includeInIndex = 0; path = Diabetes.app; sourceTree = BUILT_PRODUCTS_DIR; };
		642E61331EC1D06200F91556 /* AppDelegate.swift */ = {isa = PBXFileReference; lastKnownFileType = sourcecode.swift; path = AppDelegate.swift; sourceTree = "<group>"; };
		642E61351EC1D06200F91556 /* HomeViewController.swift */ = {isa = PBXFileReference; lastKnownFileType = sourcecode.swift; path = HomeViewController.swift; sourceTree = "<group>"; };
		642E61371EC1D06200F91556 /* SettingsViewController.swift */ = {isa = PBXFileReference; lastKnownFileType = sourcecode.swift; path = SettingsViewController.swift; sourceTree = "<group>"; };
		642E613A1EC1D06200F91556 /* Base */ = {isa = PBXFileReference; lastKnownFileType = file.storyboard; name = Base; path = Base.lproj/Main.storyboard; sourceTree = "<group>"; };
		642E613C1EC1D06200F91556 /* Assets.xcassets */ = {isa = PBXFileReference; lastKnownFileType = folder.assetcatalog; path = Assets.xcassets; sourceTree = "<group>"; };
		642E61411EC1D06200F91556 /* Info.plist */ = {isa = PBXFileReference; lastKnownFileType = text.plist.xml; path = Info.plist; sourceTree = "<group>"; };
		642E61461EC1D06200F91556 /* DiabetesTests.xctest */ = {isa = PBXFileReference; explicitFileType = wrapper.cfbundle; includeInIndex = 0; path = DiabetesTests.xctest; sourceTree = BUILT_PRODUCTS_DIR; };
		642E614A1EC1D06200F91556 /* DiabetesTests.swift */ = {isa = PBXFileReference; lastKnownFileType = sourcecode.swift; path = DiabetesTests.swift; sourceTree = "<group>"; };
		642E614C1EC1D06200F91556 /* Info.plist */ = {isa = PBXFileReference; lastKnownFileType = text.plist.xml; path = Info.plist; sourceTree = "<group>"; };
		642E61511EC1D06200F91556 /* DiabetesUITests.xctest */ = {isa = PBXFileReference; explicitFileType = wrapper.cfbundle; includeInIndex = 0; path = DiabetesUITests.xctest; sourceTree = BUILT_PRODUCTS_DIR; };
		642E61551EC1D06300F91556 /* DiabetesUITests.swift */ = {isa = PBXFileReference; lastKnownFileType = sourcecode.swift; path = DiabetesUITests.swift; sourceTree = "<group>"; };
		642E61571EC1D06300F91556 /* Info.plist */ = {isa = PBXFileReference; lastKnownFileType = text.plist.xml; path = Info.plist; sourceTree = "<group>"; };
		64C36D1C1ED075660003780E /* SportViewCell.swift */ = {isa = PBXFileReference; fileEncoding = 4; lastKnownFileType = sourcecode.swift; name = SportViewCell.swift; path = ../SportViewCell.swift; sourceTree = "<group>"; };
		64C36D1E1ED078E30003780E /* Sport.swift */ = {isa = PBXFileReference; fileEncoding = 4; lastKnownFileType = sourcecode.swift; path = Sport.swift; sourceTree = "<group>"; };
		64C36D201ED079050003780E /* ChosenSport.swift */ = {isa = PBXFileReference; fileEncoding = 4; lastKnownFileType = sourcecode.swift; path = ChosenSport.swift; sourceTree = "<group>"; };
		64C36D221ED0ACC70003780E /* ExerciseLengthViewController.swift */ = {isa = PBXFileReference; fileEncoding = 4; lastKnownFileType = sourcecode.swift; path = ExerciseLengthViewController.swift; sourceTree = "<group>"; };
		64C36D241ED0ACDB0003780E /* ExerciseIntensityViewController.swift */ = {isa = PBXFileReference; fileEncoding = 4; lastKnownFileType = sourcecode.swift; path = ExerciseIntensityViewController.swift; sourceTree = "<group>"; };
		64C36D261ED0ACEB0003780E /* ExerciseDetailsViewController.swift */ = {isa = PBXFileReference; fileEncoding = 4; lastKnownFileType = sourcecode.swift; path = ExerciseDetailsViewController.swift; sourceTree = "<group>"; };
		64C708F41ECDDFDF00D90FE4 /* SportsSelectionViewController.swift */ = {isa = PBXFileReference; fileEncoding = 4; lastKnownFileType = sourcecode.swift; path = SportsSelectionViewController.swift; sourceTree = "<group>"; };
		64EC04A11EC4A5170071E81B /* AddViewController.swift */ = {isa = PBXFileReference; fileEncoding = 4; lastKnownFileType = sourcecode.swift; path = AddViewController.swift; sourceTree = "<group>"; };
		64EC04A31EC4A52D0071E81B /* InfoViewController.swift */ = {isa = PBXFileReference; fileEncoding = 4; lastKnownFileType = sourcecode.swift; path = InfoViewController.swift; sourceTree = "<group>"; };
		64EC04A91EC4AE430071E81B /* SplashViewController.swift */ = {isa = PBXFileReference; fileEncoding = 4; lastKnownFileType = sourcecode.swift; path = SplashViewController.swift; sourceTree = "<group>"; };
/* End PBXFileReference section */

/* Begin PBXFrameworksBuildPhase section */
		642E612D1EC1D06200F91556 /* Frameworks */ = {
			isa = PBXFrameworksBuildPhase;
			buildActionMask = 2147483647;
			files = (
			);
			runOnlyForDeploymentPostprocessing = 0;
		};
		642E61431EC1D06200F91556 /* Frameworks */ = {
			isa = PBXFrameworksBuildPhase;
			buildActionMask = 2147483647;
			files = (
			);
			runOnlyForDeploymentPostprocessing = 0;
		};
		642E614E1EC1D06200F91556 /* Frameworks */ = {
			isa = PBXFrameworksBuildPhase;
			buildActionMask = 2147483647;
			files = (
			);
			runOnlyForDeploymentPostprocessing = 0;
		};
/* End PBXFrameworksBuildPhase section */

/* Begin PBXGroup section */
		642E61271EC1D06200F91556 = {
			isa = PBXGroup;
			children = (
				642E61321EC1D06200F91556 /* Diabetes */,
				642E61491EC1D06200F91556 /* DiabetesTests */,
				642E61541EC1D06300F91556 /* DiabetesUITests */,
				642E61311EC1D06200F91556 /* Products */,
			);
			sourceTree = "<group>";
		};
		642E61311EC1D06200F91556 /* Products */ = {
			isa = PBXGroup;
			children = (
				642E61301EC1D06200F91556 /* Diabetes.app */,
				642E61461EC1D06200F91556 /* DiabetesTests.xctest */,
				642E61511EC1D06200F91556 /* DiabetesUITests.xctest */,
			);
			name = Products;
			sourceTree = "<group>";
		};
		642E61321EC1D06200F91556 /* Diabetes */ = {
			isa = PBXGroup;
			children = (
				64C36D1C1ED075660003780E /* SportViewCell.swift */,
				642E61331EC1D06200F91556 /* AppDelegate.swift */,
				642E61351EC1D06200F91556 /* HomeViewController.swift */,
				642E61371EC1D06200F91556 /* SettingsViewController.swift */,
				642E61391EC1D06200F91556 /* Main.storyboard */,
				642E613C1EC1D06200F91556 /* Assets.xcassets */,
				642E61411EC1D06200F91556 /* Info.plist */,
				64EC04A11EC4A5170071E81B /* AddViewController.swift */,
				64EC04A31EC4A52D0071E81B /* InfoViewController.swift */,
				64EC04A91EC4AE430071E81B /* SplashViewController.swift */,
				64C708F41ECDDFDF00D90FE4 /* SportsSelectionViewController.swift */,
				64C36D221ED0ACC70003780E /* ExerciseLengthViewController.swift */,
				64C36D241ED0ACDB0003780E /* ExerciseIntensityViewController.swift */,
				64C36D261ED0ACEB0003780E /* ExerciseDetailsViewController.swift */,
				64C36D1E1ED078E30003780E /* Sport.swift */,
				64C36D201ED079050003780E /* ChosenSport.swift */,
			);
			path = Diabetes;
			sourceTree = "<group>";
		};
		642E61491EC1D06200F91556 /* DiabetesTests */ = {
			isa = PBXGroup;
			children = (
				642E614A1EC1D06200F91556 /* DiabetesTests.swift */,
				642E614C1EC1D06200F91556 /* Info.plist */,
			);
			path = DiabetesTests;
			sourceTree = "<group>";
		};
		642E61541EC1D06300F91556 /* DiabetesUITests */ = {
			isa = PBXGroup;
			children = (
				642E61551EC1D06300F91556 /* DiabetesUITests.swift */,
				642E61571EC1D06300F91556 /* Info.plist */,
			);
			path = DiabetesUITests;
			sourceTree = "<group>";
		};
/* End PBXGroup section */

/* Begin PBXNativeTarget section */
		642E612F1EC1D06200F91556 /* Diabetes */ = {
			isa = PBXNativeTarget;
			buildConfigurationList = 642E615A1EC1D06300F91556 /* Build configuration list for PBXNativeTarget "Diabetes" */;
			buildPhases = (
				642E612C1EC1D06200F91556 /* Sources */,
				642E612D1EC1D06200F91556 /* Frameworks */,
				642E612E1EC1D06200F91556 /* Resources */,
			);
			buildRules = (
			);
			dependencies = (
			);
			name = Diabetes;
			productName = Diabetes;
			productReference = 642E61301EC1D06200F91556 /* Diabetes.app */;
			productType = "com.apple.product-type.application";
		};
		642E61451EC1D06200F91556 /* DiabetesTests */ = {
			isa = PBXNativeTarget;
			buildConfigurationList = 642E615D1EC1D06300F91556 /* Build configuration list for PBXNativeTarget "DiabetesTests" */;
			buildPhases = (
				642E61421EC1D06200F91556 /* Sources */,
				642E61431EC1D06200F91556 /* Frameworks */,
				642E61441EC1D06200F91556 /* Resources */,
			);
			buildRules = (
			);
			dependencies = (
				642E61481EC1D06200F91556 /* PBXTargetDependency */,
			);
			name = DiabetesTests;
			productName = DiabetesTests;
			productReference = 642E61461EC1D06200F91556 /* DiabetesTests.xctest */;
			productType = "com.apple.product-type.bundle.unit-test";
		};
		642E61501EC1D06200F91556 /* DiabetesUITests */ = {
			isa = PBXNativeTarget;
			buildConfigurationList = 642E61601EC1D06300F91556 /* Build configuration list for PBXNativeTarget "DiabetesUITests" */;
			buildPhases = (
				642E614D1EC1D06200F91556 /* Sources */,
				642E614E1EC1D06200F91556 /* Frameworks */,
				642E614F1EC1D06200F91556 /* Resources */,
			);
			buildRules = (
			);
			dependencies = (
				642E61531EC1D06200F91556 /* PBXTargetDependency */,
			);
			name = DiabetesUITests;
			productName = DiabetesUITests;
			productReference = 642E61511EC1D06200F91556 /* DiabetesUITests.xctest */;
			productType = "com.apple.product-type.bundle.ui-testing";
		};
/* End PBXNativeTarget section */

/* Begin PBXProject section */
		642E61281EC1D06200F91556 /* Project object */ = {
			isa = PBXProject;
			attributes = {
				LastSwiftUpdateCheck = 0830;
				LastUpgradeCheck = 0830;
				ORGANIZATIONNAME = GlassByte;
				TargetAttributes = {
					642E612F1EC1D06200F91556 = {
						CreatedOnToolsVersion = 8.3.2;
						DevelopmentTeam = PMD9QD5A2C;
						ProvisioningStyle = Automatic;
					};
					642E61451EC1D06200F91556 = {
						CreatedOnToolsVersion = 8.3.2;
						DevelopmentTeam = PMD9QD5A2C;
						ProvisioningStyle = Automatic;
						TestTargetID = 642E612F1EC1D06200F91556;
					};
					642E61501EC1D06200F91556 = {
						CreatedOnToolsVersion = 8.3.2;
						DevelopmentTeam = PMD9QD5A2C;
						ProvisioningStyle = Automatic;
						TestTargetID = 642E612F1EC1D06200F91556;
					};
				};
			};
			buildConfigurationList = 642E612B1EC1D06200F91556 /* Build configuration list for PBXProject "Diabetes" */;
			compatibilityVersion = "Xcode 3.2";
			developmentRegion = English;
			hasScannedForEncodings = 0;
			knownRegions = (
				en,
				Base,
			);
			mainGroup = 642E61271EC1D06200F91556;
			productRefGroup = 642E61311EC1D06200F91556 /* Products */;
			projectDirPath = "";
			projectRoot = "";
			targets = (
				642E612F1EC1D06200F91556 /* Diabetes */,
				642E61451EC1D06200F91556 /* DiabetesTests */,
				642E61501EC1D06200F91556 /* DiabetesUITests */,
			);
		};
/* End PBXProject section */

/* Begin PBXResourcesBuildPhase section */
		642E612E1EC1D06200F91556 /* Resources */ = {
			isa = PBXResourcesBuildPhase;
			buildActionMask = 2147483647;
			files = (
				642E613D1EC1D06200F91556 /* Assets.xcassets in Resources */,
				642E613B1EC1D06200F91556 /* Main.storyboard in Resources */,
			);
			runOnlyForDeploymentPostprocessing = 0;
		};
		642E61441EC1D06200F91556 /* Resources */ = {
			isa = PBXResourcesBuildPhase;
			buildActionMask = 2147483647;
			files = (
			);
			runOnlyForDeploymentPostprocessing = 0;
		};
		642E614F1EC1D06200F91556 /* Resources */ = {
			isa = PBXResourcesBuildPhase;
			buildActionMask = 2147483647;
			files = (
			);
			runOnlyForDeploymentPostprocessing = 0;
		};
/* End PBXResourcesBuildPhase section */

/* Begin PBXSourcesBuildPhase section */
		642E612C1EC1D06200F91556 /* Sources */ = {
			isa = PBXSourcesBuildPhase;
			buildActionMask = 2147483647;
			files = (
				64C36D211ED079050003780E /* ChosenSport.swift in Sources */,
				642E61381EC1D06200F91556 /* SettingsViewController.swift in Sources */,
				64C36D1F1ED078E30003780E /* Sport.swift in Sources */,
				64C36D1D1ED075660003780E /* SportViewCell.swift in Sources */,
				642E61341EC1D06200F91556 /* AppDelegate.swift in Sources */,
				64C36D231ED0ACC70003780E /* ExerciseLengthViewController.swift in Sources */,
				64EC04A21EC4A5170071E81B /* AddViewController.swift in Sources */,
				64EC04AA1EC4AE430071E81B /* SplashViewController.swift in Sources */,
				642E61361EC1D06200F91556 /* HomeViewController.swift in Sources */,
				64C708F51ECDDFDF00D90FE4 /* SportsSelectionViewController.swift in Sources */,
				64C36D251ED0ACDB0003780E /* ExerciseIntensityViewController.swift in Sources */,
				64C36D271ED0ACEB0003780E /* ExerciseDetailsViewController.swift in Sources */,
				64EC04A41EC4A52D0071E81B /* InfoViewController.swift in Sources */,
			);
			runOnlyForDeploymentPostprocessing = 0;
		};
		642E61421EC1D06200F91556 /* Sources */ = {
			isa = PBXSourcesBuildPhase;
			buildActionMask = 2147483647;
			files = (
				642E614B1EC1D06200F91556 /* DiabetesTests.swift in Sources */,
			);
			runOnlyForDeploymentPostprocessing = 0;
		};
		642E614D1EC1D06200F91556 /* Sources */ = {
			isa = PBXSourcesBuildPhase;
			buildActionMask = 2147483647;
			files = (
				642E61561EC1D06300F91556 /* DiabetesUITests.swift in Sources */,
			);
			runOnlyForDeploymentPostprocessing = 0;
		};
/* End PBXSourcesBuildPhase section */

/* Begin PBXTargetDependency section */
		642E61481EC1D06200F91556 /* PBXTargetDependency */ = {
			isa = PBXTargetDependency;
			target = 642E612F1EC1D06200F91556 /* Diabetes */;
			targetProxy = 642E61471EC1D06200F91556 /* PBXContainerItemProxy */;
		};
		642E61531EC1D06200F91556 /* PBXTargetDependency */ = {
			isa = PBXTargetDependency;
			target = 642E612F1EC1D06200F91556 /* Diabetes */;
			targetProxy = 642E61521EC1D06200F91556 /* PBXContainerItemProxy */;
		};
/* End PBXTargetDependency section */

/* Begin PBXVariantGroup section */
		642E61391EC1D06200F91556 /* Main.storyboard */ = {
			isa = PBXVariantGroup;
			children = (
				642E613A1EC1D06200F91556 /* Base */,
			);
			name = Main.storyboard;
			sourceTree = "<group>";
		};
/* End PBXVariantGroup section */

/* Begin XCBuildConfiguration section */
		642E61581EC1D06300F91556 /* Debug */ = {
			isa = XCBuildConfiguration;
			buildSettings = {
				ALWAYS_SEARCH_USER_PATHS = NO;
				CLANG_ANALYZER_NONNULL = YES;
				CLANG_ANALYZER_NUMBER_OBJECT_CONVERSION = YES_AGGRESSIVE;
				CLANG_CXX_LANGUAGE_STANDARD = "gnu++0x";
				CLANG_CXX_LIBRARY = "libc++";
				CLANG_ENABLE_MODULES = YES;
				CLANG_ENABLE_OBJC_ARC = YES;
				CLANG_WARN_BOOL_CONVERSION = YES;
				CLANG_WARN_CONSTANT_CONVERSION = YES;
				CLANG_WARN_DIRECT_OBJC_ISA_USAGE = YES_ERROR;
				CLANG_WARN_DOCUMENTATION_COMMENTS = YES;
				CLANG_WARN_EMPTY_BODY = YES;
				CLANG_WARN_ENUM_CONVERSION = YES;
				CLANG_WARN_INFINITE_RECURSION = YES;
				CLANG_WARN_INT_CONVERSION = YES;
				CLANG_WARN_OBJC_ROOT_CLASS = YES_ERROR;
				CLANG_WARN_SUSPICIOUS_MOVE = YES;
				CLANG_WARN_UNREACHABLE_CODE = YES;
				CLANG_WARN__DUPLICATE_METHOD_MATCH = YES;
				"CODE_SIGN_IDENTITY[sdk=iphoneos*]" = "iPhone Developer";
				COPY_PHASE_STRIP = NO;
				DEBUG_INFORMATION_FORMAT = dwarf;
				ENABLE_STRICT_OBJC_MSGSEND = YES;
				ENABLE_TESTABILITY = YES;
				GCC_C_LANGUAGE_STANDARD = gnu99;
				GCC_DYNAMIC_NO_PIC = NO;
				GCC_NO_COMMON_BLOCKS = YES;
				GCC_OPTIMIZATION_LEVEL = 0;
				GCC_PREPROCESSOR_DEFINITIONS = (
					"DEBUG=1",
					"$(inherited)",
				);
				GCC_WARN_64_TO_32_BIT_CONVERSION = YES;
				GCC_WARN_ABOUT_RETURN_TYPE = YES_ERROR;
				GCC_WARN_UNDECLARED_SELECTOR = YES;
				GCC_WARN_UNINITIALIZED_AUTOS = YES_AGGRESSIVE;
				GCC_WARN_UNUSED_FUNCTION = YES;
				GCC_WARN_UNUSED_VARIABLE = YES;
				IPHONEOS_DEPLOYMENT_TARGET = 10.3;
				MTL_ENABLE_DEBUG_INFO = YES;
				ONLY_ACTIVE_ARCH = YES;
				SDKROOT = iphoneos;
				SWIFT_ACTIVE_COMPILATION_CONDITIONS = DEBUG;
				SWIFT_OPTIMIZATION_LEVEL = "-Onone";
				TARGETED_DEVICE_FAMILY = "1,2";
			};
			name = Debug;
		};
		642E61591EC1D06300F91556 /* Release */ = {
			isa = XCBuildConfiguration;
			buildSettings = {
				ALWAYS_SEARCH_USER_PATHS = NO;
				CLANG_ANALYZER_NONNULL = YES;
				CLANG_ANALYZER_NUMBER_OBJECT_CONVERSION = YES_AGGRESSIVE;
				CLANG_CXX_LANGUAGE_STANDARD = "gnu++0x";
				CLANG_CXX_LIBRARY = "libc++";
				CLANG_ENABLE_MODULES = YES;
				CLANG_ENABLE_OBJC_ARC = YES;
				CLANG_WARN_BOOL_CONVERSION = YES;
				CLANG_WARN_CONSTANT_CONVERSION = YES;
				CLANG_WARN_DIRECT_OBJC_ISA_USAGE = YES_ERROR;
				CLANG_WARN_DOCUMENTATION_COMMENTS = YES;
				CLANG_WARN_EMPTY_BODY = YES;
				CLANG_WARN_ENUM_CONVERSION = YES;
				CLANG_WARN_INFINITE_RECURSION = YES;
				CLANG_WARN_INT_CONVERSION = YES;
				CLANG_WARN_OBJC_ROOT_CLASS = YES_ERROR;
				CLANG_WARN_SUSPICIOUS_MOVE = YES;
				CLANG_WARN_UNREACHABLE_CODE = YES;
				CLANG_WARN__DUPLICATE_METHOD_MATCH = YES;
				"CODE_SIGN_IDENTITY[sdk=iphoneos*]" = "iPhone Developer";
				COPY_PHASE_STRIP = NO;
				DEBUG_INFORMATION_FORMAT = "dwarf-with-dsym";
				ENABLE_NS_ASSERTIONS = NO;
				ENABLE_STRICT_OBJC_MSGSEND = YES;
				GCC_C_LANGUAGE_STANDARD = gnu99;
				GCC_NO_COMMON_BLOCKS = YES;
				GCC_WARN_64_TO_32_BIT_CONVERSION = YES;
				GCC_WARN_ABOUT_RETURN_TYPE = YES_ERROR;
				GCC_WARN_UNDECLARED_SELECTOR = YES;
				GCC_WARN_UNINITIALIZED_AUTOS = YES_AGGRESSIVE;
				GCC_WARN_UNUSED_FUNCTION = YES;
				GCC_WARN_UNUSED_VARIABLE = YES;
				IPHONEOS_DEPLOYMENT_TARGET = 10.3;
				MTL_ENABLE_DEBUG_INFO = NO;
				SDKROOT = iphoneos;
				SWIFT_OPTIMIZATION_LEVEL = "-Owholemodule";
				TARGETED_DEVICE_FAMILY = "1,2";
				VALIDATE_PRODUCT = YES;
			};
			name = Release;
		};
		642E615B1EC1D06300F91556 /* Debug */ = {
			isa = XCBuildConfiguration;
			buildSettings = {
				ASSETCATALOG_COMPILER_APPICON_NAME = AppIcon;
				DEVELOPMENT_TEAM = PMD9QD5A2C;
				INFOPLIST_FILE = Diabetes/Info.plist;
				LD_RUNPATH_SEARCH_PATHS = "$(inherited) @executable_path/Frameworks";
				PRODUCT_BUNDLE_IDENTIFIER = com.glassbyte.Diabetes;
				PRODUCT_NAME = "$(TARGET_NAME)";
				SWIFT_VERSION = 3.0;
			};
			name = Debug;
		};
		642E615C1EC1D06300F91556 /* Release */ = {
			isa = XCBuildConfiguration;
			buildSettings = {
				ASSETCATALOG_COMPILER_APPICON_NAME = AppIcon;
				DEVELOPMENT_TEAM = PMD9QD5A2C;
				INFOPLIST_FILE = Diabetes/Info.plist;
				LD_RUNPATH_SEARCH_PATHS = "$(inherited) @executable_path/Frameworks";
				PRODUCT_BUNDLE_IDENTIFIER = com.glassbyte.Diabetes;
				PRODUCT_NAME = "$(TARGET_NAME)";
				SWIFT_VERSION = 3.0;
			};
			name = Release;
		};
		642E615E1EC1D06300F91556 /* Debug */ = {
			isa = XCBuildConfiguration;
			buildSettings = {
				ALWAYS_EMBED_SWIFT_STANDARD_LIBRARIES = YES;
				BUNDLE_LOADER = "$(TEST_HOST)";
				DEVELOPMENT_TEAM = PMD9QD5A2C;
				INFOPLIST_FILE = DiabetesTests/Info.plist;
				LD_RUNPATH_SEARCH_PATHS = "$(inherited) @executable_path/Frameworks @loader_path/Frameworks";
				PRODUCT_BUNDLE_IDENTIFIER = com.glassbyte.DiabetesTests;
				PRODUCT_NAME = "$(TARGET_NAME)";
				SWIFT_VERSION = 3.0;
				TEST_HOST = "$(BUILT_PRODUCTS_DIR)/Diabetes.app/Diabetes";
			};
			name = Debug;
		};
		642E615F1EC1D06300F91556 /* Release */ = {
			isa = XCBuildConfiguration;
			buildSettings = {
				ALWAYS_EMBED_SWIFT_STANDARD_LIBRARIES = YES;
				BUNDLE_LOADER = "$(TEST_HOST)";
				DEVELOPMENT_TEAM = PMD9QD5A2C;
				INFOPLIST_FILE = DiabetesTests/Info.plist;
				LD_RUNPATH_SEARCH_PATHS = "$(inherited) @executable_path/Frameworks @loader_path/Frameworks";
				PRODUCT_BUNDLE_IDENTIFIER = com.glassbyte.DiabetesTests;
				PRODUCT_NAME = "$(TARGET_NAME)";
				SWIFT_VERSION = 3.0;
				TEST_HOST = "$(BUILT_PRODUCTS_DIR)/Diabetes.app/Diabetes";
			};
			name = Release;
		};
		642E61611EC1D06300F91556 /* Debug */ = {
			isa = XCBuildConfiguration;
			buildSettings = {
				ALWAYS_EMBED_SWIFT_STANDARD_LIBRARIES = YES;
				DEVELOPMENT_TEAM = PMD9QD5A2C;
				INFOPLIST_FILE = DiabetesUITests/Info.plist;
				LD_RUNPATH_SEARCH_PATHS = "$(inherited) @executable_path/Frameworks @loader_path/Frameworks";
				PRODUCT_BUNDLE_IDENTIFIER = com.glassbyte.DiabetesUITests;
				PRODUCT_NAME = "$(TARGET_NAME)";
				SWIFT_VERSION = 3.0;
				TEST_TARGET_NAME = Diabetes;
			};
			name = Debug;
		};
		642E61621EC1D06300F91556 /* Release */ = {
			isa = XCBuildConfiguration;
			buildSettings = {
				ALWAYS_EMBED_SWIFT_STANDARD_LIBRARIES = YES;
				DEVELOPMENT_TEAM = PMD9QD5A2C;
				INFOPLIST_FILE = DiabetesUITests/Info.plist;
				LD_RUNPATH_SEARCH_PATHS = "$(inherited) @executable_path/Frameworks @loader_path/Frameworks";
				PRODUCT_BUNDLE_IDENTIFIER = com.glassbyte.DiabetesUITests;
				PRODUCT_NAME = "$(TARGET_NAME)";
				SWIFT_VERSION = 3.0;
				TEST_TARGET_NAME = Diabetes;
			};
			name = Release;
		};
/* End XCBuildConfiguration section */

/* Begin XCConfigurationList section */
		642E612B1EC1D06200F91556 /* Build configuration list for PBXProject "Diabetes" */ = {
			isa = XCConfigurationList;
			buildConfigurations = (
				642E61581EC1D06300F91556 /* Debug */,
				642E61591EC1D06300F91556 /* Release */,
			);
			defaultConfigurationIsVisible = 0;
			defaultConfigurationName = Release;
		};
		642E615A1EC1D06300F91556 /* Build configuration list for PBXNativeTarget "Diabetes" */ = {
			isa = XCConfigurationList;
			buildConfigurations = (
				642E615B1EC1D06300F91556 /* Debug */,
				642E615C1EC1D06300F91556 /* Release */,
			);
			defaultConfigurationIsVisible = 0;
			defaultConfigurationName = Release;
		};
		642E615D1EC1D06300F91556 /* Build configuration list for PBXNativeTarget "DiabetesTests" */ = {
			isa = XCConfigurationList;
			buildConfigurations = (
				642E615E1EC1D06300F91556 /* Debug */,
				642E615F1EC1D06300F91556 /* Release */,
			);
			defaultConfigurationIsVisible = 0;
			defaultConfigurationName = Release;
		};
		642E61601EC1D06300F91556 /* Build configuration list for PBXNativeTarget "DiabetesUITests" */ = {
			isa = XCConfigurationList;
			buildConfigurations = (
				642E61611EC1D06300F91556 /* Debug */,
				642E61621EC1D06300F91556 /* Release */,
			);
			defaultConfigurationIsVisible = 0;
			defaultConfigurationName = Release;
		};
/* End XCConfigurationList section */
	};
	rootObject = 642E61281EC1D06200F91556 /* Project object */;
}
